
Microsoft Visual Studio Solution File, Format Version 12.00
# Visual Studio Version 17
VisualStudioVersion = 17.2.32602.215
MinimumVisualStudioVersion = 10.0.40219.1
Project("{FAE04EC0-301F-11D3-BF4B-00C04F79EFBC}") = "Lab20", "Lab20\Lab20.csproj", "{A21EB3FE-EF76-4E44-AF54-AF0195D74679}"
EndProject
Global
	GlobalSection(SolutionConfigurationPlatforms) = preSolution
		Debug|Any CPU = Debug|Any CPU
		Release|Any CPU = Release|Any CPU
	EndGlobalSection
	GlobalSection(ProjectConfigurationPlatforms) = postSolution
		{A21EB3FE-EF76-4E44-AF54-AF0195D74679}.Debug|Any CPU.ActiveCfg = Debug|Any CPU
		{A21EB3FE-EF76-4E44-AF54-AF0195D74679}.Debug|Any CPU.Build.0 = Debug|Any CPU
		{A21EB3FE-EF76-4E44-AF54-AF0195D74679}.Release|Any CPU.ActiveCfg = Release|Any CPU
		{A21EB3FE-EF76-4E44-AF54-AF0195D74679}.Release|Any CPU.Build.0 = Release|Any CPU
	EndGlobalSection
	GlobalSection(SolutionProperties) = preSolution
		HideSolutionNode = FALSE
	EndGlobalSection
	GlobalSection(ExtensibilityGlobals) = postSolution
		SolutionGuid = {346BB8F8-E5EE-409E-A5CC-50570188181A}
	EndGlobalSection
EndGlobal
